
Microsoft Visual Studio Solution File, Format Version 12.00
# Visual Studio Version 17
VisualStudioVersion = 17.2.32630.192
MinimumVisualStudioVersion = 10.0.40219.1
Project("{FAE04EC0-301F-11D3-BF4B-00C04F79EFBC}") = "SampleDataGridView", "SampleDataGridView\SampleDataGridView.csproj", "{07947AA3-2462-4867-A2D7-96FFAB2E0361}"
EndProject
Global
	GlobalSection(SolutionConfigurationPlatforms) = preSolution
		Debug|Any CPU = Debug|Any CPU
		Release|Any CPU = Release|Any CPU
	EndGlobalSection
	GlobalSection(ProjectConfigurationPlatforms) = postSolution
		{07947AA3-2462-4867-A2D7-96FFAB2E0361}.Debug|Any CPU.ActiveCfg = Debug|Any CPU
		{07947AA3-2462-4867-A2D7-96FFAB2E0361}.Debug|Any CPU.Build.0 = Debug|Any CPU
		{07947AA3-2462-4867-A2D7-96FFAB2E0361}.Release|Any CPU.ActiveCfg = Release|Any CPU
		{07947AA3-2462-4867-A2D7-96FFAB2E0361}.Release|Any CPU.Build.0 = Release|Any CPU
	EndGlobalSection
	GlobalSection(SolutionProperties) = preSolution
		HideSolutionNode = FALSE
	EndGlobalSection
	GlobalSection(ExtensibilityGlobals) = postSolution
		SolutionGuid = {B0EE7A12-B149-4A5F-A222-0DD48AEDF1E4}
	EndGlobalSection
EndGlobal
